// !$*UTF8*$!
{
	archiveVersion = 1;
	classes = {
	};
	objectVersion = 56;
	objects = {

/* Begin PBXBuildFile section */
		554F93B22CE29D23007E9367 /* DropGameApp.swift in Sources */ = {isa = PBXBuildFile; fileRef = 554F93B12CE29D23007E9367 /* DropGameApp.swift */; };
		554F93B42CE29D23007E9367 /* DropGameView.swift in Sources */ = {isa = PBXBuildFile; fileRef = 554F93B32CE29D23007E9367 /* DropGameView.swift */; };
		554F93B62CE29D23007E9367 /* Assets.xcassets in Resources */ = {isa = PBXBuildFile; fileRef = 554F93B52CE29D23007E9367 /* Assets.xcassets */; };
		554F93B92CE29D23007E9367 /* Preview Assets.xcassets in Resources */ = {isa = PBXBuildFile; fileRef = 554F93B82CE29D23007E9367 /* Preview Assets.xcassets */; };
		554F93C32CE29D23007E9367 /* DropGameTests.swift in Sources */ = {isa = PBXBuildFile; fileRef = 554F93C22CE29D23007E9367 /* DropGameTests.swift */; };
		554F93CD2CE29D23007E9367 /* DropGameUITests.swift in Sources */ = {isa = PBXBuildFile; fileRef = 554F93CC2CE29D23007E9367 /* DropGameUITests.swift */; };
		554F93CF2CE29D23007E9367 /* DropGameUITestsLaunchTests.swift in Sources */ = {isa = PBXBuildFile; fileRef = 554F93CE2CE29D23007E9367 /* DropGameUITestsLaunchTests.swift */; };
		554F93E22CE2A363007E9367 /* GameScene.swift in Sources */ = {isa = PBXBuildFile; fileRef = 554F93E12CE2A363007E9367 /* GameScene.swift */; };
		555384682CED14C500E23A62 /* Assets.xcassets in Resources */ = {isa = PBXBuildFile; fileRef = 555384662CED14C500E23A62 /* Assets.xcassets */; };
		55E5EFCA2CED1756004E667C /* SparkParticle.sks in Resources */ = {isa = PBXBuildFile; fileRef = 55E5EFC92CED1756004E667C /* SparkParticle.sks */; };
		55E5EFCF2CED1A76004E667C /* drop bass.wav in Resources */ = {isa = PBXBuildFile; fileRef = 55E5EFCE2CED1A76004E667C /* drop bass.wav */; };
		55E5EFD12CED1A81004E667C /* Go.mp3 in Resources */ = {isa = PBXBuildFile; fileRef = 55E5EFD02CED1A81004E667C /* Go.mp3 */; };
		55E5EFD32CED2143004E667C /* EndGameScene.swift in Sources */ = {isa = PBXBuildFile; fileRef = 55E5EFD22CED2143004E667C /* EndGameScene.swift */; };
/* End PBXBuildFile section */

/* Begin PBXContainerItemProxy section */
		554F93BF2CE29D23007E9367 /* PBXContainerItemProxy */ = {
			isa = PBXContainerItemProxy;
			containerPortal = 554F93A62CE29D23007E9367 /* Project object */;
			proxyType = 1;
			remoteGlobalIDString = 554F93AD2CE29D23007E9367;
			remoteInfo = DropGame;
		};
		554F93C92CE29D23007E9367 /* PBXContainerItemProxy */ = {
			isa = PBXContainerItemProxy;
			containerPortal = 554F93A62CE29D23007E9367 /* Project object */;
			proxyType = 1;
			remoteGlobalIDString = 554F93AD2CE29D23007E9367;
			remoteInfo = DropGame;
		};
/* End PBXContainerItemProxy section */

/* Begin PBXFileReference section */
		554F93AE2CE29D23007E9367 /* DropGame.app */ = {isa = PBXFileReference; explicitFileType = wrapper.application; includeInIndex = 0; path = DropGame.app; sourceTree = BUILT_PRODUCTS_DIR; };
		554F93B12CE29D23007E9367 /* DropGameApp.swift */ = {isa = PBXFileReference; lastKnownFileType = sourcecode.swift; path = DropGameApp.swift; sourceTree = "<group>"; };
		554F93B32CE29D23007E9367 /* DropGameView.swift */ = {isa = PBXFileReference; lastKnownFileType = sourcecode.swift; path = DropGameView.swift; sourceTree = "<group>"; };
		554F93B52CE29D23007E9367 /* Assets.xcassets */ = {isa = PBXFileReference; lastKnownFileType = folder.assetcatalog; path = Assets.xcassets; sourceTree = "<group>"; };
		554F93B82CE29D23007E9367 /* Preview Assets.xcassets */ = {isa = PBXFileReference; lastKnownFileType = folder.assetcatalog; path = "Preview Assets.xcassets"; sourceTree = "<group>"; };
		554F93BE2CE29D23007E9367 /* DropGameTests.xctest */ = {isa = PBXFileReference; explicitFileType = wrapper.cfbundle; includeInIndex = 0; path = DropGameTests.xctest; sourceTree = BUILT_PRODUCTS_DIR; };
		554F93C22CE29D23007E9367 /* DropGameTests.swift */ = {isa = PBXFileReference; lastKnownFileType = sourcecode.swift; path = DropGameTests.swift; sourceTree = "<group>"; };
		554F93C82CE29D23007E9367 /* DropGameUITests.xctest */ = {isa = PBXFileReference; explicitFileType = wrapper.cfbundle; includeInIndex = 0; path = DropGameUITests.xctest; sourceTree = BUILT_PRODUCTS_DIR; };
		554F93CC2CE29D23007E9367 /* DropGameUITests.swift */ = {isa = PBXFileReference; lastKnownFileType = sourcecode.swift; path = DropGameUITests.swift; sourceTree = "<group>"; };
		554F93CE2CE29D23007E9367 /* DropGameUITestsLaunchTests.swift */ = {isa = PBXFileReference; lastKnownFileType = sourcecode.swift; path = DropGameUITestsLaunchTests.swift; sourceTree = "<group>"; };
		554F93E12CE2A363007E9367 /* GameScene.swift */ = {isa = PBXFileReference; lastKnownFileType = sourcecode.swift; path = GameScene.swift; sourceTree = "<group>"; };
		555384662CED14C500E23A62 /* Assets.xcassets */ = {isa = PBXFileReference; lastKnownFileType = folder.assetcatalog; path = Assets.xcassets; sourceTree = "<group>"; };
		55E5EFC92CED1756004E667C /* SparkParticle.sks */ = {isa = PBXFileReference; lastKnownFileType = file.sks; path = SparkParticle.sks; sourceTree = "<group>"; };
		55E5EFCE2CED1A76004E667C /* drop bass.wav */ = {isa = PBXFileReference; lastKnownFileType = audio.wav; path = "drop bass.wav"; sourceTree = "<group>"; };
		55E5EFD02CED1A81004E667C /* Go.mp3 */ = {isa = PBXFileReference; lastKnownFileType = audio.mp3; path = Go.mp3; sourceTree = "<group>"; };
		55E5EFD22CED2143004E667C /* EndGameScene.swift */ = {isa = PBXFileReference; lastKnownFileType = sourcecode.swift; path = EndGameScene.swift; sourceTree = "<group>"; };
/* End PBXFileReference section */

/* Begin PBXFrameworksBuildPhase section */
		554F93AB2CE29D23007E9367 /* Frameworks */ = {
			isa = PBXFrameworksBuildPhase;
			buildActionMask = 2147483647;
			files = (
			);
			runOnlyForDeploymentPostprocessing = 0;
		};
		554F93BB2CE29D23007E9367 /* Frameworks */ = {
			isa = PBXFrameworksBuildPhase;
			buildActionMask = 2147483647;
			files = (
			);
			runOnlyForDeploymentPostprocessing = 0;
		};
		554F93C52CE29D23007E9367 /* Frameworks */ = {
			isa = PBXFrameworksBuildPhase;
			buildActionMask = 2147483647;
			files = (
			);
			runOnlyForDeploymentPostprocessing = 0;
		};
/* End PBXFrameworksBuildPhase section */

/* Begin PBXGroup section */
		554F93A52CE29D23007E9367 = {
			isa = PBXGroup;
			children = (
				554F93B02CE29D23007E9367 /* DropGame */,
				554F93C12CE29D23007E9367 /* DropGameTests */,
				554F93CB2CE29D23007E9367 /* DropGameUITests */,
				554F93AF2CE29D23007E9367 /* Products */,
			);
			sourceTree = "<group>";
		};
		554F93AF2CE29D23007E9367 /* Products */ = {
			isa = PBXGroup;
			children = (
				554F93AE2CE29D23007E9367 /* DropGame.app */,
				554F93BE2CE29D23007E9367 /* DropGameTests.xctest */,
				554F93C82CE29D23007E9367 /* DropGameUITests.xctest */,
			);
			name = Products;
			sourceTree = "<group>";
		};
		554F93B02CE29D23007E9367 /* DropGame */ = {
			isa = PBXGroup;
			children = (
				554F93E02CE2A2FB007E9367 /* Scenes */,
				554F93DF2CE2A2F5007E9367 /* Particles */,
				554F93DB2CE2A0CC007E9367 /* Resources */,
				554F93DC2CE2A0D4007E9367 /* ViewController */,
				554F93B72CE29D23007E9367 /* Preview Content */,
			);
			path = DropGame;
			sourceTree = "<group>";
		};
		554F93B72CE29D23007E9367 /* Preview Content */ = {
			isa = PBXGroup;
			children = (
				554F93B82CE29D23007E9367 /* Preview Assets.xcassets */,
			);
			path = "Preview Content";
			sourceTree = "<group>";
		};
		554F93C12CE29D23007E9367 /* DropGameTests */ = {
			isa = PBXGroup;
			children = (
				554F93C22CE29D23007E9367 /* DropGameTests.swift */,
			);
			path = DropGameTests;
			sourceTree = "<group>";
		};
		554F93CB2CE29D23007E9367 /* DropGameUITests */ = {
			isa = PBXGroup;
			children = (
				554F93CC2CE29D23007E9367 /* DropGameUITests.swift */,
				554F93CE2CE29D23007E9367 /* DropGameUITestsLaunchTests.swift */,
			);
			path = DropGameUITests;
			sourceTree = "<group>";
		};
		554F93DB2CE2A0CC007E9367 /* Resources */ = {
			isa = PBXGroup;
			children = (
				55E5EFCB2CED1A4A004E667C /* Sounds */,
				554F93B12CE29D23007E9367 /* DropGameApp.swift */,
				554F93B52CE29D23007E9367 /* Assets.xcassets */,
			);
			path = Resources;
			sourceTree = "<group>";
		};
		554F93DC2CE2A0D4007E9367 /* ViewController */ = {
			isa = PBXGroup;
			children = (
				554F93B32CE29D23007E9367 /* DropGameView.swift */,
			);
			path = ViewController;
			sourceTree = "<group>";
		};
		554F93DF2CE2A2F5007E9367 /* Particles */ = {
			isa = PBXGroup;
			children = (
				55E5EFC92CED1756004E667C /* SparkParticle.sks */,
				555384662CED14C500E23A62 /* Assets.xcassets */,
			);
			path = Particles;
			sourceTree = "<group>";
		};
		554F93E02CE2A2FB007E9367 /* Scenes */ = {
			isa = PBXGroup;
			children = (
				554F93E12CE2A363007E9367 /* GameScene.swift */,
				55E5EFD22CED2143004E667C /* EndGameScene.swift */,
			);
			path = Scenes;
			sourceTree = "<group>";
		};
		55E5EFCB2CED1A4A004E667C /* Sounds */ = {
			isa = PBXGroup;
			children = (
				55E5EFCD2CED1A60004E667C /* Long */,
				55E5EFCC2CED1A57004E667C /* Short */,
			);
			path = Sounds;
			sourceTree = "<group>";
		};
		55E5EFCC2CED1A57004E667C /* Short */ = {
			isa = PBXGroup;
			children = (
				55E5EFCE2CED1A76004E667C /* drop bass.wav */,
			);
			path = Short;
			sourceTree = "<group>";
		};
		55E5EFCD2CED1A60004E667C /* Long */ = {
			isa = PBXGroup;
			children = (
				55E5EFD02CED1A81004E667C /* Go.mp3 */,
			);
			path = Long;
			sourceTree = "<group>";
		};
/* End PBXGroup section */

/* Begin PBXNativeTarget section */
		554F93AD2CE29D23007E9367 /* DropGame */ = {
			isa = PBXNativeTarget;
			buildConfigurationList = 554F93D22CE29D23007E9367 /* Build configuration list for PBXNativeTarget "DropGame" */;
			buildPhases = (
				554F93AA2CE29D23007E9367 /* Sources */,
				554F93AB2CE29D23007E9367 /* Frameworks */,
				554F93AC2CE29D23007E9367 /* Resources */,
			);
			buildRules = (
			);
			dependencies = (
			);
			name = DropGame;
			productName = DropGame;
			productReference = 554F93AE2CE29D23007E9367 /* DropGame.app */;
			productType = "com.apple.product-type.application";
		};
		554F93BD2CE29D23007E9367 /* DropGameTests */ = {
			isa = PBXNativeTarget;
			buildConfigurationList = 554F93D52CE29D23007E9367 /* Build configuration list for PBXNativeTarget "DropGameTests" */;
			buildPhases = (
				554F93BA2CE29D23007E9367 /* Sources */,
				554F93BB2CE29D23007E9367 /* Frameworks */,
				554F93BC2CE29D23007E9367 /* Resources */,
			);
			buildRules = (
			);
			dependencies = (
				554F93C02CE29D23007E9367 /* PBXTargetDependency */,
			);
			name = DropGameTests;
			productName = DropGameTests;
			productReference = 554F93BE2CE29D23007E9367 /* DropGameTests.xctest */;
			productType = "com.apple.product-type.bundle.unit-test";
		};
		554F93C72CE29D23007E9367 /* DropGameUITests */ = {
			isa = PBXNativeTarget;
			buildConfigurationList = 554F93D82CE29D23007E9367 /* Build configuration list for PBXNativeTarget "DropGameUITests" */;
			buildPhases = (
				554F93C42CE29D23007E9367 /* Sources */,
				554F93C52CE29D23007E9367 /* Frameworks */,
				554F93C62CE29D23007E9367 /* Resources */,
			);
			buildRules = (
			);
			dependencies = (
				554F93CA2CE29D23007E9367 /* PBXTargetDependency */,
			);
			name = DropGameUITests;
			productName = DropGameUITests;
			productReference = 554F93C82CE29D23007E9367 /* DropGameUITests.xctest */;
			productType = "com.apple.product-type.bundle.ui-testing";
		};
/* End PBXNativeTarget section */

/* Begin PBXProject section */
		554F93A62CE29D23007E9367 /* Project object */ = {
			isa = PBXProject;
			attributes = {
				BuildIndependentTargetsInParallel = 1;
				LastSwiftUpdateCheck = 1510;
				LastUpgradeCheck = 1510;
				TargetAttributes = {
					554F93AD2CE29D23007E9367 = {
						CreatedOnToolsVersion = 15.1;
					};
					554F93BD2CE29D23007E9367 = {
						CreatedOnToolsVersion = 15.1;
						TestTargetID = 554F93AD2CE29D23007E9367;
					};
					554F93C72CE29D23007E9367 = {
						CreatedOnToolsVersion = 15.1;
						TestTargetID = 554F93AD2CE29D23007E9367;
					};
				};
			};
			buildConfigurationList = 554F93A92CE29D23007E9367 /* Build configuration list for PBXProject "DropGame" */;
			compatibilityVersion = "Xcode 14.0";
			developmentRegion = en;
			hasScannedForEncodings = 0;
			knownRegions = (
				en,
				Base,
			);
			mainGroup = 554F93A52CE29D23007E9367;
			productRefGroup = 554F93AF2CE29D23007E9367 /* Products */;
			projectDirPath = "";
			projectRoot = "";
			targets = (
				554F93AD2CE29D23007E9367 /* DropGame */,
				554F93BD2CE29D23007E9367 /* DropGameTests */,
				554F93C72CE29D23007E9367 /* DropGameUITests */,
			);
		};
/* End PBXProject section */

/* Begin PBXResourcesBuildPhase section */
		554F93AC2CE29D23007E9367 /* Resources */ = {
			isa = PBXResourcesBuildPhase;
			buildActionMask = 2147483647;
			files = (
				55E5EFD12CED1A81004E667C /* Go.mp3 in Resources */,
				554F93B92CE29D23007E9367 /* Preview Assets.xcassets in Resources */,
				55E5EFCA2CED1756004E667C /* SparkParticle.sks in Resources */,
				555384682CED14C500E23A62 /* Assets.xcassets in Resources */,
				554F93B62CE29D23007E9367 /* Assets.xcassets in Resources */,
				55E5EFCF2CED1A76004E667C /* drop bass.wav in Resources */,
			);
			runOnlyForDeploymentPostprocessing = 0;
		};
		554F93BC2CE29D23007E9367 /* Resources */ = {
			isa = PBXResourcesBuildPhase;
			buildActionMask = 2147483647;
			files = (
			);
			runOnlyForDeploymentPostprocessing = 0;
		};
		554F93C62CE29D23007E9367 /* Resources */ = {
			isa = PBXResourcesBuildPhase;
			buildActionMask = 2147483647;
			files = (
			);
			runOnlyForDeploymentPostprocessing = 0;
		};
/* End PBXResourcesBuildPhase section */

/* Begin PBXSourcesBuildPhase section */
		554F93AA2CE29D23007E9367 /* Sources */ = {
			isa = PBXSourcesBuildPhase;
			buildActionMask = 2147483647;
			files = (
				55E5EFD32CED2143004E667C /* EndGameScene.swift in Sources */,
				554F93E22CE2A363007E9367 /* GameScene.swift in Sources */,
				554F93B42CE29D23007E9367 /* DropGameView.swift in Sources */,
				554F93B22CE29D23007E9367 /* DropGameApp.swift in Sources */,
			);
			runOnlyForDeploymentPostprocessing = 0;
		};
		554F93BA2CE29D23007E9367 /* Sources */ = {
			isa = PBXSourcesBuildPhase;
			buildActionMask = 2147483647;
			files = (
				554F93C32CE29D23007E9367 /* DropGameTests.swift in Sources */,
			);
			runOnlyForDeploymentPostprocessing = 0;
		};
		554F93C42CE29D23007E9367 /* Sources */ = {
			isa = PBXSourcesBuildPhase;
			buildActionMask = 2147483647;
			files = (
				554F93CF2CE29D23007E9367 /* DropGameUITestsLaunchTests.swift in Sources */,
				554F93CD2CE29D23007E9367 /* DropGameUITests.swift in Sources */,
			);
			runOnlyForDeploymentPostprocessing = 0;
		};
/* End PBXSourcesBuildPhase section */

/* Begin PBXTargetDependency section */
		554F93C02CE29D23007E9367 /* PBXTargetDependency */ = {
			isa = PBXTargetDependency;
			target = 554F93AD2CE29D23007E9367 /* DropGame */;
			targetProxy = 554F93BF2CE29D23007E9367 /* PBXContainerItemProxy */;
		};
		554F93CA2CE29D23007E9367 /* PBXTargetDependency */ = {
			isa = PBXTargetDependency;
			target = 554F93AD2CE29D23007E9367 /* DropGame */;
			targetProxy = 554F93C92CE29D23007E9367 /* PBXContainerItemProxy */;
		};
/* End PBXTargetDependency section */

/* Begin XCBuildConfiguration section */
		554F93D02CE29D23007E9367 /* Debug */ = {
			isa = XCBuildConfiguration;
			buildSettings = {
				ALWAYS_SEARCH_USER_PATHS = NO;
				ASSETCATALOG_COMPILER_GENERATE_SWIFT_ASSET_SYMBOL_EXTENSIONS = YES;
				CLANG_ANALYZER_NONNULL = YES;
				CLANG_ANALYZER_NUMBER_OBJECT_CONVERSION = YES_AGGRESSIVE;
				CLANG_CXX_LANGUAGE_STANDARD = "gnu++20";
				CLANG_ENABLE_MODULES = YES;
				CLANG_ENABLE_OBJC_ARC = YES;
				CLANG_ENABLE_OBJC_WEAK = YES;
				CLANG_WARN_BLOCK_CAPTURE_AUTORELEASING = YES;
				CLANG_WARN_BOOL_CONVERSION = YES;
				CLANG_WARN_COMMA = YES;
				CLANG_WARN_CONSTANT_CONVERSION = YES;
				CLANG_WARN_DEPRECATED_OBJC_IMPLEMENTATIONS = YES;
				CLANG_WARN_DIRECT_OBJC_ISA_USAGE = YES_ERROR;
				CLANG_WARN_DOCUMENTATION_COMMENTS = YES;
				CLANG_WARN_EMPTY_BODY = YES;
				CLANG_WARN_ENUM_CONVERSION = YES;
				CLANG_WARN_INFINITE_RECURSION = YES;
				CLANG_WARN_INT_CONVERSION = YES;
				CLANG_WARN_NON_LITERAL_NULL_CONVERSION = YES;
				CLANG_WARN_OBJC_IMPLICIT_RETAIN_SELF = YES;
				CLANG_WARN_OBJC_LITERAL_CONVERSION = YES;
				CLANG_WARN_OBJC_ROOT_CLASS = YES_ERROR;
				CLANG_WARN_QUOTED_INCLUDE_IN_FRAMEWORK_HEADER = YES;
				CLANG_WARN_RANGE_LOOP_ANALYSIS = YES;
				CLANG_WARN_STRICT_PROTOTYPES = YES;
				CLANG_WARN_SUSPICIOUS_MOVE = YES;
				CLANG_WARN_UNGUARDED_AVAILABILITY = YES_AGGRESSIVE;
				CLANG_WARN_UNREACHABLE_CODE = YES;
				CLANG_WARN__DUPLICATE_METHOD_MATCH = YES;
				COPY_PHASE_STRIP = NO;
				DEBUG_INFORMATION_FORMAT = dwarf;
				ENABLE_STRICT_OBJC_MSGSEND = YES;
				ENABLE_TESTABILITY = YES;
				ENABLE_USER_SCRIPT_SANDBOXING = YES;
				GCC_C_LANGUAGE_STANDARD = gnu17;
				GCC_DYNAMIC_NO_PIC = NO;
				GCC_NO_COMMON_BLOCKS = YES;
				GCC_OPTIMIZATION_LEVEL = 0;
				GCC_PREPROCESSOR_DEFINITIONS = (
					"DEBUG=1",
					"$(inherited)",
				);
				GCC_WARN_64_TO_32_BIT_CONVERSION = YES;
				GCC_WARN_ABOUT_RETURN_TYPE = YES_ERROR;
				GCC_WARN_UNDECLARED_SELECTOR = YES;
				GCC_WARN_UNINITIALIZED_AUTOS = YES_AGGRESSIVE;
				GCC_WARN_UNUSED_FUNCTION = YES;
				GCC_WARN_UNUSED_VARIABLE = YES;
				IPHONEOS_DEPLOYMENT_TARGET = 17.2;
				LOCALIZATION_PREFERS_STRING_CATALOGS = YES;
				MTL_ENABLE_DEBUG_INFO = INCLUDE_SOURCE;
				MTL_FAST_MATH = YES;
				ONLY_ACTIVE_ARCH = YES;
				SDKROOT = iphoneos;
				SWIFT_ACTIVE_COMPILATION_CONDITIONS = "DEBUG $(inherited)";
				SWIFT_OPTIMIZATION_LEVEL = "-Onone";
			};
			name = Debug;
		};
		554F93D12CE29D23007E9367 /* Release */ = {
			isa = XCBuildConfiguration;
			buildSettings = {
				ALWAYS_SEARCH_USER_PATHS = NO;
				ASSETCATALOG_COMPILER_GENERATE_SWIFT_ASSET_SYMBOL_EXTENSIONS = YES;
				CLANG_ANALYZER_NONNULL = YES;
				CLANG_ANALYZER_NUMBER_OBJECT_CONVERSION = YES_AGGRESSIVE;
				CLANG_CXX_LANGUAGE_STANDARD = "gnu++20";
				CLANG_ENABLE_MODULES = YES;
				CLANG_ENABLE_OBJC_ARC = YES;
				CLANG_ENABLE_OBJC_WEAK = YES;
				CLANG_WARN_BLOCK_CAPTURE_AUTORELEASING = YES;
				CLANG_WARN_BOOL_CONVERSION = YES;
				CLANG_WARN_COMMA = YES;
				CLANG_WARN_CONSTANT_CONVERSION = YES;
				CLANG_WARN_DEPRECATED_OBJC_IMPLEMENTATIONS = YES;
				CLANG_WARN_DIRECT_OBJC_ISA_USAGE = YES_ERROR;
				CLANG_WARN_DOCUMENTATION_COMMENTS = YES;
				CLANG_WARN_EMPTY_BODY = YES;
				CLANG_WARN_ENUM_CONVERSION = YES;
				CLANG_WARN_INFINITE_RECURSION = YES;
				CLANG_WARN_INT_CONVERSION = YES;
				CLANG_WARN_NON_LITERAL_NULL_CONVERSION = YES;
				CLANG_WARN_OBJC_IMPLICIT_RETAIN_SELF = YES;
				CLANG_WARN_OBJC_LITERAL_CONVERSION = YES;
				CLANG_WARN_OBJC_ROOT_CLASS = YES_ERROR;
				CLANG_WARN_QUOTED_INCLUDE_IN_FRAMEWORK_HEADER = YES;
				CLANG_WARN_RANGE_LOOP_ANALYSIS = YES;
				CLANG_WARN_STRICT_PROTOTYPES = YES;
				CLANG_WARN_SUSPICIOUS_MOVE = YES;
				CLANG_WARN_UNGUARDED_AVAILABILITY = YES_AGGRESSIVE;
				CLANG_WARN_UNREACHABLE_CODE = YES;
				CLANG_WARN__DUPLICATE_METHOD_MATCH = YES;
				COPY_PHASE_STRIP = NO;
				DEBUG_INFORMATION_FORMAT = "dwarf-with-dsym";
				ENABLE_NS_ASSERTIONS = NO;
				ENABLE_STRICT_OBJC_MSGSEND = YES;
				ENABLE_USER_SCRIPT_SANDBOXING = YES;
				GCC_C_LANGUAGE_STANDARD = gnu17;
				GCC_NO_COMMON_BLOCKS = YES;
				GCC_WARN_64_TO_32_BIT_CONVERSION = YES;
				GCC_WARN_ABOUT_RETURN_TYPE = YES_ERROR;
				GCC_WARN_UNDECLARED_SELECTOR = YES;
				GCC_WARN_UNINITIALIZED_AUTOS = YES_AGGRESSIVE;
				GCC_WARN_UNUSED_FUNCTION = YES;
				GCC_WARN_UNUSED_VARIABLE = YES;
				IPHONEOS_DEPLOYMENT_TARGET = 17.2;
				LOCALIZATION_PREFERS_STRING_CATALOGS = YES;
				MTL_ENABLE_DEBUG_INFO = NO;
				MTL_FAST_MATH = YES;
				SDKROOT = iphoneos;
				SWIFT_COMPILATION_MODE = wholemodule;
				VALIDATE_PRODUCT = YES;
			};
			name = Release;
		};
		554F93D32CE29D23007E9367 /* Debug */ = {
			isa = XCBuildConfiguration;
			buildSettings = {
				ASSETCATALOG_COMPILER_APPICON_NAME = AppIcon;
				ASSETCATALOG_COMPILER_GLOBAL_ACCENT_COLOR_NAME = AccentColor;
				CODE_SIGN_STYLE = Automatic;
				CURRENT_PROJECT_VERSION = 1;
				DEVELOPMENT_ASSET_PATHS = "\"DropGame/Preview Content\"";
				ENABLE_PREVIEWS = YES;
				GENERATE_INFOPLIST_FILE = YES;
				INFOPLIST_KEY_UIApplicationSceneManifest_Generation = YES;
				INFOPLIST_KEY_UIApplicationSupportsIndirectInputEvents = YES;
				INFOPLIST_KEY_UILaunchScreen_Generation = YES;
				INFOPLIST_KEY_UISupportedInterfaceOrientations_iPad = "UIInterfaceOrientationPortrait UIInterfaceOrientationPortraitUpsideDown UIInterfaceOrientationLandscapeLeft UIInterfaceOrientationLandscapeRight";
				INFOPLIST_KEY_UISupportedInterfaceOrientations_iPhone = "UIInterfaceOrientationPortrait UIInterfaceOrientationLandscapeLeft UIInterfaceOrientationLandscapeRight";
				LD_RUNPATH_SEARCH_PATHS = (
					"$(inherited)",
					"@executable_path/Frameworks",
				);
				MARKETING_VERSION = 1.0;
				PRODUCT_BUNDLE_IDENTIFIER = landon.CTEC.DropGame;
				PRODUCT_NAME = "$(TARGET_NAME)";
				SWIFT_EMIT_LOC_STRINGS = YES;
				SWIFT_VERSION = 5.0;
				TARGETED_DEVICE_FAMILY = "1,2";
			};
			name = Debug;
		};
		554F93D42CE29D23007E9367 /* Release */ = {
			isa = XCBuildConfiguration;
			buildSettings = {
				ASSETCATALOG_COMPILER_APPICON_NAME = AppIcon;
				ASSETCATALOG_COMPILER_GLOBAL_ACCENT_COLOR_NAME = AccentColor;
				CODE_SIGN_STYLE = Automatic;
				CURRENT_PROJECT_VERSION = 1;
				DEVELOPMENT_ASSET_PATHS = "\"DropGame/Preview Content\"";
				ENABLE_PREVIEWS = YES;
				GENERATE_INFOPLIST_FILE = YES;
				INFOPLIST_KEY_UIApplicationSceneManifest_Generation = YES;
				INFOPLIST_KEY_UIApplicationSupportsIndirectInputEvents = YES;
				INFOPLIST_KEY_UILaunchScreen_Generation = YES;
				INFOPLIST_KEY_UISupportedInterfaceOrientations_iPad = "UIInterfaceOrientationPortrait UIInterfaceOrientationPortraitUpsideDown UIInterfaceOrientationLandscapeLeft UIInterfaceOrientationLandscapeRight";
				INFOPLIST_KEY_UISupportedInterfaceOrientations_iPhone = "UIInterfaceOrientationPortrait UIInterfaceOrientationLandscapeLeft UIInterfaceOrientationLandscapeRight";
				LD_RUNPATH_SEARCH_PATHS = (
					"$(inherited)",
					"@executable_path/Frameworks",
				);
				MARKETING_VERSION = 1.0;
				PRODUCT_BUNDLE_IDENTIFIER = landon.CTEC.DropGame;
				PRODUCT_NAME = "$(TARGET_NAME)";
				SWIFT_EMIT_LOC_STRINGS = YES;
				SWIFT_VERSION = 5.0;
				TARGETED_DEVICE_FAMILY = "1,2";
			};
			name = Release;
		};
		554F93D62CE29D23007E9367 /* Debug */ = {
			isa = XCBuildConfiguration;
			buildSettings = {
				ALWAYS_EMBED_SWIFT_STANDARD_LIBRARIES = YES;
				BUNDLE_LOADER = "$(TEST_HOST)";
				CODE_SIGN_STYLE = Automatic;
				CURRENT_PROJECT_VERSION = 1;
				GENERATE_INFOPLIST_FILE = YES;
				IPHONEOS_DEPLOYMENT_TARGET = 17.2;
				MARKETING_VERSION = 1.0;
				PRODUCT_BUNDLE_IDENTIFIER = landon.CTEC.DropGameTests;
				PRODUCT_NAME = "$(TARGET_NAME)";
				SWIFT_EMIT_LOC_STRINGS = NO;
				SWIFT_VERSION = 5.0;
				TARGETED_DEVICE_FAMILY = "1,2";
				TEST_HOST = "$(BUILT_PRODUCTS_DIR)/DropGame.app/$(BUNDLE_EXECUTABLE_FOLDER_PATH)/DropGame";
			};
			name = Debug;
		};
		554F93D72CE29D23007E9367 /* Release */ = {
			isa = XCBuildConfiguration;
			buildSettings = {
				ALWAYS_EMBED_SWIFT_STANDARD_LIBRARIES = YES;
				BUNDLE_LOADER = "$(TEST_HOST)";
				CODE_SIGN_STYLE = Automatic;
				CURRENT_PROJECT_VERSION = 1;
				GENERATE_INFOPLIST_FILE = YES;
				IPHONEOS_DEPLOYMENT_TARGET = 17.2;
				MARKETING_VERSION = 1.0;
				PRODUCT_BUNDLE_IDENTIFIER = landon.CTEC.DropGameTests;
				PRODUCT_NAME = "$(TARGET_NAME)";
				SWIFT_EMIT_LOC_STRINGS = NO;
				SWIFT_VERSION = 5.0;
				TARGETED_DEVICE_FAMILY = "1,2";
				TEST_HOST = "$(BUILT_PRODUCTS_DIR)/DropGame.app/$(BUNDLE_EXECUTABLE_FOLDER_PATH)/DropGame";
			};
			name = Release;
		};
		554F93D92CE29D23007E9367 /* Debug */ = {
			isa = XCBuildConfiguration;
			buildSettings = {
				ALWAYS_EMBED_SWIFT_STANDARD_LIBRARIES = YES;
				CODE_SIGN_STYLE = Automatic;
				CURRENT_PROJECT_VERSION = 1;
				GENERATE_INFOPLIST_FILE = YES;
				MARKETING_VERSION = 1.0;
				PRODUCT_BUNDLE_IDENTIFIER = landon.CTEC.DropGameUITests;
				PRODUCT_NAME = "$(TARGET_NAME)";
				SWIFT_EMIT_LOC_STRINGS = NO;
				SWIFT_VERSION = 5.0;
				TARGETED_DEVICE_FAMILY = "1,2";
				TEST_TARGET_NAME = DropGame;
			};
			name = Debug;
		};
		554F93DA2CE29D23007E9367 /* Release */ = {
			isa = XCBuildConfiguration;
			buildSettings = {
				ALWAYS_EMBED_SWIFT_STANDARD_LIBRARIES = YES;
				CODE_SIGN_STYLE = Automatic;
				CURRENT_PROJECT_VERSION = 1;
				GENERATE_INFOPLIST_FILE = YES;
				MARKETING_VERSION = 1.0;
				PRODUCT_BUNDLE_IDENTIFIER = landon.CTEC.DropGameUITests;
				PRODUCT_NAME = "$(TARGET_NAME)";
				SWIFT_EMIT_LOC_STRINGS = NO;
				SWIFT_VERSION = 5.0;
				TARGETED_DEVICE_FAMILY = "1,2";
				TEST_TARGET_NAME = DropGame;
			};
			name = Release;
		};
/* End XCBuildConfiguration section */

/* Begin XCConfigurationList section */
		554F93A92CE29D23007E9367 /* Build configuration list for PBXProject "DropGame" */ = {
			isa = XCConfigurationList;
			buildConfigurations = (
				554F93D02CE29D23007E9367 /* Debug */,
				554F93D12CE29D23007E9367 /* Release */,
			);
			defaultConfigurationIsVisible = 0;
			defaultConfigurationName = Release;
		};
		554F93D22CE29D23007E9367 /* Build configuration list for PBXNativeTarget "DropGame" */ = {
			isa = XCConfigurationList;
			buildConfigurations = (
				554F93D32CE29D23007E9367 /* Debug */,
				554F93D42CE29D23007E9367 /* Release */,
			);
			defaultConfigurationIsVisible = 0;
			defaultConfigurationName = Release;
		};
		554F93D52CE29D23007E9367 /* Build configuration list for PBXNativeTarget "DropGameTests" */ = {
			isa = XCConfigurationList;
			buildConfigurations = (
				554F93D62CE29D23007E9367 /* Debug */,
				554F93D72CE29D23007E9367 /* Release */,
			);
			defaultConfigurationIsVisible = 0;
			defaultConfigurationName = Release;
		};
		554F93D82CE29D23007E9367 /* Build configuration list for PBXNativeTarget "DropGameUITests" */ = {
			isa = XCConfigurationList;
			buildConfigurations = (
				554F93D92CE29D23007E9367 /* Debug */,
				554F93DA2CE29D23007E9367 /* Release */,
			);
			defaultConfigurationIsVisible = 0;
			defaultConfigurationName = Release;
		};
/* End XCConfigurationList section */
	};
	rootObject = 554F93A62CE29D23007E9367 /* Project object */;
}
